
Microsoft Visual Studio Solution File, Format Version 12.00
# Visual Studio Version 16
VisualStudioVersion = 16.0.31729.503
MinimumVisualStudioVersion = 10.0.40219.1
Project("{8BC9CEB8-8B4A-11D0-8D11-00A0C91BC942}") = "SP lab9", "SP lab9\SP lab9.vcxproj", "{2FE5FAE1-A42B-496F-BA34-C5EA92A76AAF}"
EndProject
Global
	GlobalSection(SolutionConfigurationPlatforms) = preSolution
		Debug|x64 = Debug|x64
		Debug|x86 = Debug|x86
		Release|x64 = Release|x64
		Release|x86 = Release|x86
	EndGlobalSection
	GlobalSection(ProjectConfigurationPlatforms) = postSolution
		{2FE5FAE1-A42B-496F-BA34-C5EA92A76AAF}.Debug|x64.ActiveCfg = Debug|x64
		{2FE5FAE1-A42B-496F-BA34-C5EA92A76AAF}.Debug|x64.Build.0 = Debug|x64
		{2FE5FAE1-A42B-496F-BA34-C5EA92A76AAF}.Debug|x86.ActiveCfg = Debug|Win32
		{2FE5FAE1-A42B-496F-BA34-C5EA92A76AAF}.Debug|x86.Build.0 = Debug|Win32
		{2FE5FAE1-A42B-496F-BA34-C5EA92A76AAF}.Release|x64.ActiveCfg = Release|x64
		{2FE5FAE1-A42B-496F-BA34-C5EA92A76AAF}.Release|x64.Build.0 = Release|x64
		{2FE5FAE1-A42B-496F-BA34-C5EA92A76AAF}.Release|x86.ActiveCfg = Release|Win32
		{2FE5FAE1-A42B-496F-BA34-C5EA92A76AAF}.Release|x86.Build.0 = Release|Win32
	EndGlobalSection
	GlobalSection(SolutionProperties) = preSolution
		HideSolutionNode = FALSE
	EndGlobalSection
	GlobalSection(ExtensibilityGlobals) = postSolution
		SolutionGuid = {7E88CCB8-5476-45CA-A049-E3D4D9C14332}
	EndGlobalSection
EndGlobal
